
Microsoft Visual Studio Solution File, Format Version 11.00
# Visual Studio 2010
Project("{FAE04EC0-301F-11D3-BF4B-00C04F79EFBC}") = "A Start Path Finding", "Assembly-CSharp.csproj", "{4E4AB5CC-CA37-CC3B-1EC5-0042436D9DEB}"
EndProject
Global
	GlobalSection(SolutionConfigurationPlatforms) = preSolution
		Debug|Any CPU = Debug|Any CPU
		Release|Any CPU = Release|Any CPU
	EndGlobalSection
	GlobalSection(ProjectConfigurationPlatforms) = postSolution
		{4E4AB5CC-CA37-CC3B-1EC5-0042436D9DEB}.Debug|Any CPU.ActiveCfg = Debug|Any CPU
		{4E4AB5CC-CA37-CC3B-1EC5-0042436D9DEB}.Debug|Any CPU.Build.0 = Debug|Any CPU
		{4E4AB5CC-CA37-CC3B-1EC5-0042436D9DEB}.Release|Any CPU.ActiveCfg = Release|Any CPU
		{4E4AB5CC-CA37-CC3B-1EC5-0042436D9DEB}.Release|Any CPU.Build.0 = Release|Any CPU
	EndGlobalSection
	GlobalSection(SolutionProperties) = preSolution
		HideSolutionNode = FALSE
	EndGlobalSection
	GlobalSection(MonoDevelopProperties) = preSolution
		StartupItem = Assembly-CSharp.csproj
	EndGlobalSection
EndGlobal
